
Microsoft Visual Studio Solution File, Format Version 12.00
# Visual Studio Version 17
VisualStudioVersion = 17.2.32516.85
MinimumVisualStudioVersion = 10.0.40219.1
Project("{FAE04EC0-301F-11D3-BF4B-00C04F79EFBC}") = "WiredBrainCofee", "WiredBrainCofee.csproj", "{419F5DC5-47CD-4043-B940-D5EF9BBCCA8A}"
EndProject
Global
	GlobalSection(SolutionConfigurationPlatforms) = preSolution
		Debug|Any CPU = Debug|Any CPU
		Release|Any CPU = Release|Any CPU
	EndGlobalSection
	GlobalSection(ProjectConfigurationPlatforms) = postSolution
		{419F5DC5-47CD-4043-B940-D5EF9BBCCA8A}.Debug|Any CPU.ActiveCfg = Debug|Any CPU
		{419F5DC5-47CD-4043-B940-D5EF9BBCCA8A}.Debug|Any CPU.Build.0 = Debug|Any CPU
		{419F5DC5-47CD-4043-B940-D5EF9BBCCA8A}.Release|Any CPU.ActiveCfg = Release|Any CPU
		{419F5DC5-47CD-4043-B940-D5EF9BBCCA8A}.Release|Any CPU.Build.0 = Release|Any CPU
	EndGlobalSection
	GlobalSection(SolutionProperties) = preSolution
		HideSolutionNode = FALSE
	EndGlobalSection
	GlobalSection(ExtensibilityGlobals) = postSolution
		SolutionGuid = {7EA3063F-DA8D-4CD3-BC56-5963FF08DB1A}
	EndGlobalSection
EndGlobal
