
Microsoft Visual Studio Solution File, Format Version 12.00
# Visual Studio Version 17
VisualStudioVersion = 17.2.32516.85
MinimumVisualStudioVersion = 10.0.40219.1
Project("{FAE04EC0-301F-11D3-BF4B-00C04F79EFBC}") = "CharTypeDetermination", "CharTypeDetermination.csproj", "{8FDE4768-CE2A-43F9-AECA-EB7336D7FA6D}"
EndProject
Global
	GlobalSection(SolutionConfigurationPlatforms) = preSolution
		Debug|Any CPU = Debug|Any CPU
		Release|Any CPU = Release|Any CPU
	EndGlobalSection
	GlobalSection(ProjectConfigurationPlatforms) = postSolution
		{8FDE4768-CE2A-43F9-AECA-EB7336D7FA6D}.Debug|Any CPU.ActiveCfg = Debug|Any CPU
		{8FDE4768-CE2A-43F9-AECA-EB7336D7FA6D}.Debug|Any CPU.Build.0 = Debug|Any CPU
		{8FDE4768-CE2A-43F9-AECA-EB7336D7FA6D}.Release|Any CPU.ActiveCfg = Release|Any CPU
		{8FDE4768-CE2A-43F9-AECA-EB7336D7FA6D}.Release|Any CPU.Build.0 = Release|Any CPU
	EndGlobalSection
	GlobalSection(SolutionProperties) = preSolution
		HideSolutionNode = FALSE
	EndGlobalSection
	GlobalSection(ExtensibilityGlobals) = postSolution
		SolutionGuid = {3CDA4FD0-E7FD-47E2-9E25-3135A0E43BCE}
	EndGlobalSection
EndGlobal
