
Microsoft Visual Studio Solution File, Format Version 12.00
# Visual Studio Version 17
VisualStudioVersion = 17.2.32516.85
MinimumVisualStudioVersion = 10.0.40219.1
Project("{FAE04EC0-301F-11D3-BF4B-00C04F79EFBC}") = "OopConceptPractice", "OopConceptPractice.csproj", "{C2461259-CBF1-4B5C-837A-EF878903105F}"
EndProject
Global
	GlobalSection(SolutionConfigurationPlatforms) = preSolution
		Debug|Any CPU = Debug|Any CPU
		Release|Any CPU = Release|Any CPU
	EndGlobalSection
	GlobalSection(ProjectConfigurationPlatforms) = postSolution
		{C2461259-CBF1-4B5C-837A-EF878903105F}.Debug|Any CPU.ActiveCfg = Debug|Any CPU
		{C2461259-CBF1-4B5C-837A-EF878903105F}.Debug|Any CPU.Build.0 = Debug|Any CPU
		{C2461259-CBF1-4B5C-837A-EF878903105F}.Release|Any CPU.ActiveCfg = Release|Any CPU
		{C2461259-CBF1-4B5C-837A-EF878903105F}.Release|Any CPU.Build.0 = Release|Any CPU
	EndGlobalSection
	GlobalSection(SolutionProperties) = preSolution
		HideSolutionNode = FALSE
	EndGlobalSection
	GlobalSection(ExtensibilityGlobals) = postSolution
		SolutionGuid = {98A5EA5C-5DC6-43B0-933F-B5A20703FE81}
	EndGlobalSection
EndGlobal
