
Microsoft Visual Studio Solution File, Format Version 12.00
# Visual Studio Version 17
VisualStudioVersion = 17.2.32516.85
MinimumVisualStudioVersion = 10.0.40219.1
Project("{9A19103F-16F7-4668-BE54-9A1E7A4F7556}") = "Gradebook", "Gradebook.csproj", "{73492914-AE67-40A6-9B20-AE96D8F41F68}"
EndProject
Project("{FAE04EC0-301F-11D3-BF4B-00C04F79EFBC}") = "GradeBookTest", "..\GradeBookTest\GradeBookTest.csproj", "{155D5B2A-7F5D-4A47-B7B9-B284944A33EF}"
EndProject
Global
	GlobalSection(SolutionConfigurationPlatforms) = preSolution
		Debug|Any CPU = Debug|Any CPU
		Release|Any CPU = Release|Any CPU
	EndGlobalSection
	GlobalSection(ProjectConfigurationPlatforms) = postSolution
		{73492914-AE67-40A6-9B20-AE96D8F41F68}.Debug|Any CPU.ActiveCfg = Debug|Any CPU
		{73492914-AE67-40A6-9B20-AE96D8F41F68}.Debug|Any CPU.Build.0 = Debug|Any CPU
		{73492914-AE67-40A6-9B20-AE96D8F41F68}.Release|Any CPU.ActiveCfg = Release|Any CPU
		{73492914-AE67-40A6-9B20-AE96D8F41F68}.Release|Any CPU.Build.0 = Release|Any CPU
		{155D5B2A-7F5D-4A47-B7B9-B284944A33EF}.Debug|Any CPU.ActiveCfg = Debug|Any CPU
		{155D5B2A-7F5D-4A47-B7B9-B284944A33EF}.Debug|Any CPU.Build.0 = Debug|Any CPU
		{155D5B2A-7F5D-4A47-B7B9-B284944A33EF}.Release|Any CPU.ActiveCfg = Release|Any CPU
		{155D5B2A-7F5D-4A47-B7B9-B284944A33EF}.Release|Any CPU.Build.0 = Release|Any CPU
	EndGlobalSection
	GlobalSection(SolutionProperties) = preSolution
		HideSolutionNode = FALSE
	EndGlobalSection
	GlobalSection(ExtensibilityGlobals) = postSolution
		SolutionGuid = {14182DCA-FD50-4555-A23D-E8FF6E73A7C6}
	EndGlobalSection
EndGlobal
